PODS:
  - Alamofire (5.4.3)
  - BlocksKit (2.2.6):
    - BlocksKit/All (= 2.2.6)
  - BlocksKit/All (2.2.6):
    - BlocksKit/Core
    - BlocksKit/DynamicDelegate
    - BlocksKit/MessageUI
    - BlocksKit/QuickLook
    - BlocksKit/UIKit
  - BlocksKit/Core (2.2.6)
  - BlocksKit/DynamicDelegate (2.2.6)
  - BlocksKit/MessageUI (2.2.6):
    - BlocksKit/Core
    - BlocksKit/DynamicDelegate
  - BlocksKit/QuickLook (2.2.6):
    - BlocksKit/Core
    - BlocksKit/DynamicDelegate
  - BlocksKit/UIKit (2.2.6):
    - BlocksKit/Core
    - BlocksKit/DynamicDelegate
  - MJRefresh (3.7.2)
  - PanModal (1.2.7)

DEPENDENCIES:
  - Alamofire
  - "BlocksKit (from `git@github.com:wangweiyang8887/BlocksKit.git`)"
  - MJRefresh
  - PanModal

SPEC REPOS:
  https://github.com/CocoaPods/Specs.git:
    - Alamofire
    - MJRefresh
    - PanModal

EXTERNAL SOURCES:
  BlocksKit:
    :git: "git@github.com:wangweiyang8887/BlocksKit.git"

CHECKOUT OPTIONS:
  BlocksKit:
    :commit: c1bf68eb368ddbc79cd2ac7c194e1dc18eb46145
    :git: "git@github.com:wangweiyang8887/BlocksKit.git"

SPEC CHECKSUMS:
  Alamofire: e447a2774a40c996748296fa2c55112fdbbc42f9
  BlocksKit: 5fae06c13638d9fdb0bbddca3dabfe8f5aa735c5
  MJRefresh: 30997d30b347c8e9508a4db11e3a690da0c9b85a
  PanModal: 3e16ead1a907fb06f4df3f13492fd00149fa4974

PODFILE CHECKSUM: 96e50ec6be8ce00403dee7f2112459cce9bca0b2

COCOAPODS: 1.10.1
